
Microsoft Visual Studio Solution File, Format Version 12.00
Project("{FAE04EC0-301F-11D3-BF4B-00C04F79EFBC}") = "WordPlaySolver", "WordPlaySolver\WordPlaySolver.csproj", "{127D072D-49AA-4EB3-BA3B-C0E91D99F35A}"
EndProject
Project("{FAE04EC0-301F-11D3-BF4B-00C04F79EFBC}") = "WordPlayUI", "WordPlayUI\WordPlayUI.csproj", "{AF0E582F-7F0E-4E34-8549-8F9AFED2E2FC}"
EndProject
Project("{FAE04EC0-301F-11D3-BF4B-00C04F79EFBC}") = "WorldPlayTests", "WorldPlayTests\WorldPlayTests.csproj", "{FAC69602-360C-4BFC-B729-6ACDBCEFE26E}"
EndProject
Global
	GlobalSection(SolutionConfigurationPlatforms) = preSolution
		Debug|Any CPU = Debug|Any CPU
		Release|Any CPU = Release|Any CPU
	EndGlobalSection
	GlobalSection(ProjectConfigurationPlatforms) = postSolution
		{127D072D-49AA-4EB3-BA3B-C0E91D99F35A}.Debug|Any CPU.ActiveCfg = Debug|Any CPU
		{127D072D-49AA-4EB3-BA3B-C0E91D99F35A}.Debug|Any CPU.Build.0 = Debug|Any CPU
		{127D072D-49AA-4EB3-BA3B-C0E91D99F35A}.Release|Any CPU.ActiveCfg = Release|Any CPU
		{127D072D-49AA-4EB3-BA3B-C0E91D99F35A}.Release|Any CPU.Build.0 = Release|Any CPU
		{AF0E582F-7F0E-4E34-8549-8F9AFED2E2FC}.Debug|Any CPU.ActiveCfg = Debug|Any CPU
		{AF0E582F-7F0E-4E34-8549-8F9AFED2E2FC}.Debug|Any CPU.Build.0 = Debug|Any CPU
		{AF0E582F-7F0E-4E34-8549-8F9AFED2E2FC}.Release|Any CPU.ActiveCfg = Release|Any CPU
		{AF0E582F-7F0E-4E34-8549-8F9AFED2E2FC}.Release|Any CPU.Build.0 = Release|Any CPU
		{FAC69602-360C-4BFC-B729-6ACDBCEFE26E}.Debug|Any CPU.ActiveCfg = Debug|Any CPU
		{FAC69602-360C-4BFC-B729-6ACDBCEFE26E}.Debug|Any CPU.Build.0 = Debug|Any CPU
		{FAC69602-360C-4BFC-B729-6ACDBCEFE26E}.Release|Any CPU.ActiveCfg = Release|Any CPU
		{FAC69602-360C-4BFC-B729-6ACDBCEFE26E}.Release|Any CPU.Build.0 = Release|Any CPU
	EndGlobalSection
EndGlobal
